<?xml version="1.0" encoding="utf-8"?>
<Project ToolsVersion="4.0" xmlns="http://schemas.microsoft.com/developer/msbuild/2003">
  <ItemGroup>
    <Filter Include="Source Files">
      <UniqueIdentifier>{4FC737F1-C7A5-4376-A066-2A32D752A2FF}</UniqueIdentifier>
      <Extensions>cpp;c;cc;cxx;def;odl;idl;hpj;bat;asm;asmx</Extensions>
    </Filter>
    <Filter Include="Header Files">
      <UniqueIdentifier>{93995380-89BD-4b04-88EB-625FBE52EBFB}</UniqueIdentifier>
      <Extensions>h;hh;hpp;hxx;hm;inl;inc;ipp;xsd</Extensions>
    </Filter>
    <Filter Include="Resource Files">
      <UniqueIdentifier>{67DA6AB6-F800-4c08-8B7A-83BB121AAD01}</UniqueIdentifier>
      <Extensions>rc;ico;cur;bmp;dlg;rc2;rct;bin;rgs;gif;jpg;jpeg;jpe;resx;tiff;tif;png;wav;mfcribbon-ms</Extensions>
    </Filter>
  </ItemGroup>
  <ItemGroup>
    <ClCompile Include="fibonaci.cpp">
      <Filter>Source Files</Filter>
    </ClCompile>
    <ClCompile Include="Source.cpp">
      <Filter>Source Files</Filter>
    </ClCompile>
    <ClCompile Include="trekendshi.cpp">
      <Filter>Source Files</Filter>
    </ClCompile>
    <ClCompile Include="shumaevargut.cpp">
      <Filter>Source Files</Filter>
    </ClCompile>
    <ClCompile Include="shtypja e vektorit.cpp">
      <Filter>Source Files</Filter>
    </ClCompile>
    <ClCompile Include="Prodhimi.cpp">
      <Filter>Source Files</Filter>
    </ClCompile>
    <ClCompile Include="detyrprovimi.cpp">
      <Filter>Source Files</Filter>
    </ClCompile>
    <ClCompile Include="ditejaves.cpp">
      <Filter>Source Files</Filter>
    </ClCompile>
    <ClCompile Include="min.cpp">
      <Filter>Source Files</Filter>
    </ClCompile>
    <ClCompile Include="maxmin.cpp">
      <Filter>Source Files</Filter>
    </ClCompile>
    <ClCompile Include="asembler.cpp">
      <Filter>Source Files</Filter>
    </ClCompile>
    <ClCompile Include="Source1.cpp">
      <Filter>Source Files</Filter>
    </ClCompile>
    <ClCompile Include="vektorishembull.cpp">
      <Filter>Source Files</Filter>
    </ClCompile>
    <ClCompile Include="Source2.cpp">
      <Filter>Source Files</Filter>
    </ClCompile>
    <ClCompile Include="vektroi4.cpp">
      <Filter>Source Files</Filter>
    </ClCompile>
    <ClCompile Include="Policet kufitar.cpp">
      <Filter>Source Files</Filter>
    </ClCompile>
    <ClCompile Include="Source3.cpp">
      <Filter>Source Files</Filter>
    </ClCompile>
    <ClCompile Include="notat.cpp">
      <Filter>Source Files</Filter>
    </ClCompile>
    <ClCompile Include="detyraushtrime.cpp">
      <Filter>Source Files</Filter>
    </ClCompile>
    <ClCompile Include="notaedoni.cpp">
      <Filter>Source Files</Filter>
    </ClCompile>
    <ClCompile Include="rrogaedoni.cpp">
      <Filter>Source Files</Filter>
    </ClCompile>
    <ClCompile Include="matricat.cpp">
      <Filter>Source Files</Filter>
    </ClCompile>
    <ClCompile Include="aritmetika.cpp">
      <Filter>Source Files</Filter>
    </ClCompile>
    <ClCompile Include="rrethi.cpp">
      <Filter>Source Files</Filter>
    </ClCompile>
    <ClCompile Include="shuma_prodhimi_faktorieli.cpp">
      <Filter>Source Files</Filter>
    </ClCompile>
    <ClCompile Include="vektor_funksion.cpp">
      <Filter>Source Files</Filter>
    </ClCompile>
    <ClCompile Include="shuma me funksione.cpp">
      <Filter>Source Files</Filter>
    </ClCompile>
    <ClCompile Include="figurat.cpp">
      <Filter>Source Files</Filter>
    </ClCompile>
    <ClCompile Include="Lfunsikon.cpp">
      <Filter>Source Files</Filter>
    </ClCompile>
    <ClCompile Include="Tfunksion.cpp">
      <Filter>Source Files</Filter>
    </ClCompile>
    <ClCompile Include="Shkronaj X.cpp">
      <Filter>Source Files</Filter>
    </ClCompile>
    <ClCompile Include="matricafunksion.cpp">
      <Filter>Source Files</Filter>
    </ClCompile>
    <ClCompile Include="siperfaqet.cpp">
      <Filter>Source Files</Filter>
    </ClCompile>
    <ClCompile Include="fibonaccirekursion.cpp">
      <Filter>Source Files</Filter>
    </ClCompile>
    <ClCompile Include="overload.cpp">
      <Filter>Source Files</Filter>
    </ClCompile>
    <ClCompile Include="mbingarkimi.cpp">
      <Filter>Source Files</Filter>
    </ClCompile>
    <ClCompile Include="teksti.cpp">
      <Filter>Source Files</Filter>
    </ClCompile>
    <ClCompile Include="numrimet.cpp">
      <Filter>Source Files</Filter>
    </ClCompile>
    <ClCompile Include="fjalkalimi.cpp">
      <Filter>Source Files</Filter>
    </ClCompile>
    <ClCompile Include="Pemet.cpp">
      <Filter>Source Files</Filter>
    </ClCompile>
    <ClCompile Include="loja me enum.cpp">
      <Filter>Source Files</Filter>
    </ClCompile>
    <ClCompile Include="muzika.cpp">
      <Filter>Source Files</Filter>
    </ClCompile>
    <ClCompile Include="TreNumra.cpp">
      <Filter>Source Files</Filter>
    </ClCompile>
    <ClCompile Include="studenti12.cpp">
      <Filter>Source Files</Filter>
    </ClCompile>
    <ClCompile Include="kadritemperatura.cpp">
      <Filter>Source Files</Filter>
    </ClCompile>
    <ClCompile Include="dyfunksionetr.cpp">
      <Filter>Source Files</Filter>
    </ClCompile>
    <ClCompile Include="mbingarkimi123.cpp">
      <Filter>Source Files</Filter>
    </ClCompile>
    <ClCompile Include="funksioni me if.cpp">
      <Filter>Source Files</Filter>
    </ClCompile>
    <ClCompile Include="matriaca101.cpp">
      <Filter>Source Files</Filter>
    </ClCompile>
    <ClCompile Include="vektorireal.cpp">
      <Filter>Source Files</Filter>
    </ClCompile>
    <ClCompile Include="shmamefunksione.cpp">
      <Filter>Source Files</Filter>
    </ClCompile>
    <ClCompile Include="faktorierli me rekurzion.cpp">
      <Filter>Source Files</Filter>
    </ClCompile>
    <ClCompile Include="shuma me rekurzion.cpp">
      <Filter>Source Files</Filter>
    </ClCompile>
    <ClCompile Include="shuma e vargut me rekurzion.cpp">
      <Filter>Source Files</Filter>
    </ClCompile>
    <ClCompile Include="prodhimi rekurzion.cpp">
      <Filter>Source Files</Filter>
    </ClCompile>
    <ClCompile Include="struktura drejtkendeshi.cpp">
      <Filter>Source Files</Filter>
    </ClCompile>
    <ClCompile Include="numrimi gjatesia.cpp">
      <Filter>Source Files</Filter>
    </ClCompile>
    <ClCompile Include="qytetistruktura.cpp">
      <Filter>Source Files</Filter>
    </ClCompile>
    <ClCompile Include="linja.cpp">
      <Filter>Source Files</Filter>
    </ClCompile>
    <ClCompile Include="banesa.cpp">
      <Filter>Source Files</Filter>
    </ClCompile>
    <ClCompile Include="vetura.cpp">
      <Filter>Source Files</Filter>
    </ClCompile>
    <ClCompile Include="llaptopi.cpp">
      <Filter>Source Files</Filter>
    </ClCompile>
    <ClCompile Include="futbolli.cpp">
      <Filter>Source Files</Filter>
    </ClCompile>
  </ItemGroup>
</Project>